PODS:
  - Flutter (1.0.0)
  - flutter_local_notifications (0.0.1):
    - Flutter
  - flutter_sms (1.1.0):
    - Flutter

DEPENDENCIES:
  - Flutter (from `Flutter`)
  - flutter_local_notifications (from `.symlinks/plugins/flutter_local_notifications/ios`)
  - flutter_sms (from `.symlinks/plugins/flutter_sms/ios`)

EXTERNAL SOURCES:
  Flutter:
    :path: Flutter
  flutter_local_notifications:
    :path: ".symlinks/plugins/flutter_local_notifications/ios"
  flutter_sms:
    :path: ".symlinks/plugins/flutter_sms/ios"

SPEC CHECKSUMS:
  Flutter: cabc95a1d2626b1b06e7179b784ebcf0c0cde467
  flutter_local_notifications: ad39620c743ea4c15127860f4b5641649a988100
  flutter_sms: bb63bc226f41fad2b7cc9f0b1d0c15f7730a8310

PODFILE CHECKSUM: 423aa76af79868aad2560946c2ffc13cdb31fb5f

COCOAPODS: 1.16.2
